[[package]]
name = "arbitrary"
version = "0.1.1"
source = "registry+https://github.com/rust-lang/crates.io-index"

[[package]]
name = "build_const"
version = "0.2.1"
source = "registry+https://github.com/rust-lang/crates.io-index"

[[package]]
name = "cc"
version = "1.0.25"
source = "registry+https://github.com/rust-lang/crates.io-index"

[[package]]
name = "crc"
version = "1.7.0"
source = "registry+https://github.com/rust-lang/crates.io-index"
dependencies = [
 "build_const 0.2.1 (registry+https://github.com/rust-lang/crates.io-index)",
]

[[package]]
name = "der-parser"
version = "0.5.5"
source = "registry+https://github.com/rust-lang/crates.io-index"
dependencies = [
 "nom 3.2.1 (registry+https://github.com/rust-lang/crates.io-index)",
 "rusticata-macros 0.4.1 (registry+https://github.com/rust-lang/crates.io-index)",
]

[[package]]
name = "ipsec-parser"
version = "0.3.0"
source = "registry+https://github.com/rust-lang/crates.io-index"
dependencies = [
 "nom 3.2.1 (registry+https://github.com/rust-lang/crates.io-index)",
 "rusticata-macros 0.4.1 (registry+https://github.com/rust-lang/crates.io-index)",
]

[[package]]
name = "kerberos-parser"
version = "0.1.4"
source = "registry+https://github.com/rust-lang/crates.io-index"
dependencies = [
 "der-parser 0.5.5 (registry+https://github.com/rust-lang/crates.io-index)",
 "nom 3.2.1 (registry+https://github.com/rust-lang/crates.io-index)",
 "rusticata-macros 0.4.1 (registry+https://github.com/rust-lang/crates.io-index)",
]

[[package]]
name = "libc"
version = "0.2.45"
source = "registry+https://github.com/rust-lang/crates.io-index"

[[package]]
name = "libfuzzer-sys"
version = "0.1.0"
source = "git+https://github.com/rust-fuzz/libfuzzer-sys.git#4a413199b5cb1bbed6a1d157b2342b925f8464ac"
dependencies = [
 "arbitrary 0.1.1 (registry+https://github.com/rust-lang/crates.io-index)",
 "cc 1.0.25 (registry+https://github.com/rust-lang/crates.io-index)",
]

[[package]]
name = "memchr"
version = "1.0.2"
source = "registry+https://github.com/rust-lang/crates.io-index"
dependencies = [
 "libc 0.2.45 (registry+https://github.com/rust-lang/crates.io-index)",
]

[[package]]
name = "nom"
version = "3.2.1"
source = "registry+https://github.com/rust-lang/crates.io-index"
dependencies = [
 "memchr 1.0.2 (registry+https://github.com/rust-lang/crates.io-index)",
]

[[package]]
name = "ntp-parser"
version = "0.2.1"
source = "registry+https://github.com/rust-lang/crates.io-index"
dependencies = [
 "nom 3.2.1 (registry+https://github.com/rust-lang/crates.io-index)",
]

[[package]]
name = "rusticata-macros"
version = "0.4.1"
source = "registry+https://github.com/rust-lang/crates.io-index"
dependencies = [
 "nom 3.2.1 (registry+https://github.com/rust-lang/crates.io-index)",
]

[[package]]
name = "suricata"
version = "4.1.0-dev"
dependencies = [
 "crc 1.7.0 (registry+https://github.com/rust-lang/crates.io-index)",
 "der-parser 0.5.5 (registry+https://github.com/rust-lang/crates.io-index)",
 "ipsec-parser 0.3.0 (registry+https://github.com/rust-lang/crates.io-index)",
 "kerberos-parser 0.1.4 (registry+https://github.com/rust-lang/crates.io-index)",
 "libc 0.2.45 (registry+https://github.com/rust-lang/crates.io-index)",
 "nom 3.2.1 (registry+https://github.com/rust-lang/crates.io-index)",
 "ntp-parser 0.2.1 (registry+https://github.com/rust-lang/crates.io-index)",
]

[[package]]
name = "suricata-fuzz"
version = "0.0.1"
dependencies = [
 "libfuzzer-sys 0.1.0 (git+https://github.com/rust-fuzz/libfuzzer-sys.git)",
 "suricata 4.1.0-dev",
]

[metadata]
"checksum arbitrary 0.1.1 (registry+https://github.com/rust-lang/crates.io-index)" = "6c7d1523aa3a127adf8b27af2404c03c12825b4c4d0698f01648d63fa9df62ee"
"checksum build_const 0.2.1 (registry+https://github.com/rust-lang/crates.io-index)" = "39092a32794787acd8525ee150305ff051b0aa6cc2abaf193924f5ab05425f39"
"checksum cc 1.0.25 (registry+https://github.com/rust-lang/crates.io-index)" = "f159dfd43363c4d08055a07703eb7a3406b0dac4d0584d96965a3262db3c9d16"
"checksum crc 1.7.0 (registry+https://github.com/rust-lang/crates.io-index)" = "bd5d02c0aac6bd68393ed69e00bbc2457f3e89075c6349db7189618dc4ddc1d7"
"checksum der-parser 0.5.5 (registry+https://github.com/rust-lang/crates.io-index)" = "1ad00638c52a2bd4690576f07c1f3a1f07659b264d9c61933823bc3e644294ad"
"checksum ipsec-parser 0.3.0 (registry+https://github.com/rust-lang/crates.io-index)" = "6560183a6d7628cc71f0bdb7a4354d0fd7465a88d9809ff09f473569b8c20175"
"checksum kerberos-parser 0.1.4 (registry+https://github.com/rust-lang/crates.io-index)" = "9f59e0e76e92bb513b8573c706afe1f0173e628900c418eda5bb7db8f93a755e"
"checksum libc 0.2.45 (registry+https://github.com/rust-lang/crates.io-index)" = "2d2857ec59fadc0773853c664d2d18e7198e83883e7060b63c924cb077bd5c74"
"checksum libfuzzer-sys 0.1.0 (git+https://github.com/rust-fuzz/libfuzzer-sys.git)" = "<none>"
"checksum memchr 1.0.2 (registry+https://github.com/rust-lang/crates.io-index)" = "148fab2e51b4f1cfc66da2a7c32981d1d3c083a803978268bb11fe4b86925e7a"
"checksum nom 3.2.1 (registry+https://github.com/rust-lang/crates.io-index)" = "05aec50c70fd288702bcd93284a8444607f3292dbdf2a30de5ea5dcdbe72287b"
"checksum ntp-parser 0.2.1 (registry+https://github.com/rust-lang/crates.io-index)" = "31fd1cda63c0830ca59b78fe3f95f919c0f85244be96c3a3baec5690e9045b3f"
"checksum rusticata-macros 0.4.1 (registry+https://github.com/rust-lang/crates.io-index)" = "922004ce5797f15d259e72c0b534eb4d8d2332c92237a9890c24a8437a45b243"
