[root]
name = "suricata"
version = "0.1.0"
dependencies = [
 "libc 0.2.20 (registry+https://github.com/rust-lang/crates.io-index)",
 "nom 2.1.0 (registry+https://github.com/rust-lang/crates.io-index)",
]

[[package]]
name = "libc"
version = "0.2.20"
source = "registry+https://github.com/rust-lang/crates.io-index"

[[package]]
name = "nom"
version = "2.1.0"
source = "registry+https://github.com/rust-lang/crates.io-index"

[metadata]
"checksum libc 0.2.20 (registry+https://github.com/rust-lang/crates.io-index)" = "684f330624d8c3784fb9558ca46c4ce488073a8d22450415c5eb4f4cfb0d11b5"
"checksum nom 2.1.0 (registry+https://github.com/rust-lang/crates.io-index)" = "e5d4598834859fedb9a0a69d5b862a970e77982a92f544d547257a4d49469067"
